
Microsoft Visual Studio Solution File, Format Version 12.00
# Visual Studio Version 16
VisualStudioVersion = 16.0.31424.327
MinimumVisualStudioVersion = 10.0.40219.1
Project("{8BC9CEB8-8B4A-11D0-8D11-00A0C91BC942}") = "stt", "stt.vcxproj", "{E0104876-BAB2-4678-BF5B-BA325726D66E}"
EndProject
Global
	GlobalSection(SolutionConfigurationPlatforms) = preSolution
		Debug|ARM = Debug|ARM
		Debug|ARM64 = Debug|ARM64
		Debug|x64 = Debug|x64
		Release|ARM = Release|ARM
		Release|ARM64 = Release|ARM64
		Release|x64 = Release|x64
	EndGlobalSection
	GlobalSection(ProjectConfigurationPlatforms) = postSolution
		{E0104876-BAB2-4678-BF5B-BA325726D66E}.Debug|ARM.ActiveCfg = Debug|ARM
		{E0104876-BAB2-4678-BF5B-BA325726D66E}.Debug|ARM.Build.0 = Debug|ARM
		{E0104876-BAB2-4678-BF5B-BA325726D66E}.Debug|ARM.Deploy.0 = Debug|ARM
		{E0104876-BAB2-4678-BF5B-BA325726D66E}.Debug|ARM64.ActiveCfg = Debug|ARM64
		{E0104876-BAB2-4678-BF5B-BA325726D66E}.Debug|ARM64.Build.0 = Debug|ARM64
		{E0104876-BAB2-4678-BF5B-BA325726D66E}.Debug|ARM64.Deploy.0 = Debug|ARM64
		{E0104876-BAB2-4678-BF5B-BA325726D66E}.Debug|x64.ActiveCfg = Debug|x64
		{E0104876-BAB2-4678-BF5B-BA325726D66E}.Debug|x64.Build.0 = Debug|x64
		{E0104876-BAB2-4678-BF5B-BA325726D66E}.Debug|x64.Deploy.0 = Debug|x64
		{E0104876-BAB2-4678-BF5B-BA325726D66E}.Release|ARM.ActiveCfg = Release|ARM
		{E0104876-BAB2-4678-BF5B-BA325726D66E}.Release|ARM.Build.0 = Release|ARM
		{E0104876-BAB2-4678-BF5B-BA325726D66E}.Release|ARM.Deploy.0 = Release|ARM
		{E0104876-BAB2-4678-BF5B-BA325726D66E}.Release|ARM64.ActiveCfg = Release|ARM64
		{E0104876-BAB2-4678-BF5B-BA325726D66E}.Release|ARM64.Build.0 = Release|ARM64
		{E0104876-BAB2-4678-BF5B-BA325726D66E}.Release|ARM64.Deploy.0 = Release|ARM64
		{E0104876-BAB2-4678-BF5B-BA325726D66E}.Release|x64.ActiveCfg = Release|x64
		{E0104876-BAB2-4678-BF5B-BA325726D66E}.Release|x64.Build.0 = Release|x64
		{E0104876-BAB2-4678-BF5B-BA325726D66E}.Release|x64.Deploy.0 = Release|x64
	EndGlobalSection
	GlobalSection(SolutionProperties) = preSolution
		HideSolutionNode = FALSE
	EndGlobalSection
	GlobalSection(ExtensibilityGlobals) = postSolution
		SolutionGuid = {287AA660-4527-4C69-BA9B-C9FAF8889C94}
	EndGlobalSection
EndGlobal
